
Microsoft Visual Studio Solution File, Format Version 12.00
Project("{FAE04EC0-301F-11D3-BF4B-00C04F79EFBC}") = "CleanArch.Domain", "src\CleanArch.Domain\CleanArch.Domain.csproj", "{1FF24644-78ED-4B4C-8F02-130069613E2C}"
EndProject
Project("{FAE04EC0-301F-11D3-BF4B-00C04F79EFBC}") = "CleanArch.Application", "src\CleanArch.Application\CleanArch.Application.csproj", "{BD1749B7-4367-48B7-94B6-07E55C920D05}"
EndProject
Project("{FAE04EC0-301F-11D3-BF4B-00C04F79EFBC}") = "CleanArch.Data", "src\CleanArch.Data\CleanArch.Data.csproj", "{034029BF-6DC8-40CC-B7FD-C7FEC2068744}"
EndProject
Project("{FAE04EC0-301F-11D3-BF4B-00C04F79EFBC}") = "CleanArch.Ioc", "src\CleanArch.Ioc\CleanArch.Ioc.csproj", "{D35683AC-3B9F-444B-AFC4-F3A286A3D3D4}"
EndProject
Project("{FAE04EC0-301F-11D3-BF4B-00C04F79EFBC}") = "CleanArch.Api", "src\CleanArch.Api\CleanArch.Api.csproj", "{5593E2F3-A963-45BE-B581-656C0EC2F467}"
EndProject
Project("{FAE04EC0-301F-11D3-BF4B-00C04F79EFBC}") = "CleanArch.Domain.Test", "test\CleanArch.Domain.Test\CleanArch.Domain.Test.csproj", "{2C20E96F-FF1A-46BD-9D4B-6783CD939D77}"
EndProject
Global
	GlobalSection(SolutionConfigurationPlatforms) = preSolution
		Debug|Any CPU = Debug|Any CPU
		Release|Any CPU = Release|Any CPU
	EndGlobalSection
	GlobalSection(ProjectConfigurationPlatforms) = postSolution
		{1FF24644-78ED-4B4C-8F02-130069613E2C}.Debug|Any CPU.ActiveCfg = Debug|Any CPU
		{1FF24644-78ED-4B4C-8F02-130069613E2C}.Debug|Any CPU.Build.0 = Debug|Any CPU
		{1FF24644-78ED-4B4C-8F02-130069613E2C}.Release|Any CPU.ActiveCfg = Release|Any CPU
		{1FF24644-78ED-4B4C-8F02-130069613E2C}.Release|Any CPU.Build.0 = Release|Any CPU
		{BD1749B7-4367-48B7-94B6-07E55C920D05}.Debug|Any CPU.ActiveCfg = Debug|Any CPU
		{BD1749B7-4367-48B7-94B6-07E55C920D05}.Debug|Any CPU.Build.0 = Debug|Any CPU
		{BD1749B7-4367-48B7-94B6-07E55C920D05}.Release|Any CPU.ActiveCfg = Release|Any CPU
		{BD1749B7-4367-48B7-94B6-07E55C920D05}.Release|Any CPU.Build.0 = Release|Any CPU
		{034029BF-6DC8-40CC-B7FD-C7FEC2068744}.Debug|Any CPU.ActiveCfg = Debug|Any CPU
		{034029BF-6DC8-40CC-B7FD-C7FEC2068744}.Debug|Any CPU.Build.0 = Debug|Any CPU
		{034029BF-6DC8-40CC-B7FD-C7FEC2068744}.Release|Any CPU.ActiveCfg = Release|Any CPU
		{034029BF-6DC8-40CC-B7FD-C7FEC2068744}.Release|Any CPU.Build.0 = Release|Any CPU
		{D35683AC-3B9F-444B-AFC4-F3A286A3D3D4}.Debug|Any CPU.ActiveCfg = Debug|Any CPU
		{D35683AC-3B9F-444B-AFC4-F3A286A3D3D4}.Debug|Any CPU.Build.0 = Debug|Any CPU
		{D35683AC-3B9F-444B-AFC4-F3A286A3D3D4}.Release|Any CPU.ActiveCfg = Release|Any CPU
		{D35683AC-3B9F-444B-AFC4-F3A286A3D3D4}.Release|Any CPU.Build.0 = Release|Any CPU
		{5593E2F3-A963-45BE-B581-656C0EC2F467}.Debug|Any CPU.ActiveCfg = Debug|Any CPU
		{5593E2F3-A963-45BE-B581-656C0EC2F467}.Debug|Any CPU.Build.0 = Debug|Any CPU
		{5593E2F3-A963-45BE-B581-656C0EC2F467}.Release|Any CPU.ActiveCfg = Release|Any CPU
		{5593E2F3-A963-45BE-B581-656C0EC2F467}.Release|Any CPU.Build.0 = Release|Any CPU
		{2C20E96F-FF1A-46BD-9D4B-6783CD939D77}.Debug|Any CPU.ActiveCfg = Debug|Any CPU
		{2C20E96F-FF1A-46BD-9D4B-6783CD939D77}.Debug|Any CPU.Build.0 = Debug|Any CPU
		{2C20E96F-FF1A-46BD-9D4B-6783CD939D77}.Release|Any CPU.ActiveCfg = Release|Any CPU
		{2C20E96F-FF1A-46BD-9D4B-6783CD939D77}.Release|Any CPU.Build.0 = Release|Any CPU
	EndGlobalSection
EndGlobal
